
Microsoft Visual Studio Solution File, Format Version 12.00
# Visual Studio Version 16
VisualStudioVersion = 16.0.29025.244
MinimumVisualStudioVersion = 10.0.40219.1
Project("{2150E333-8FDC-42A3-9474-1A3956D46DE8}") = "Microservices", "Microservices", "{FCA00612-2562-4F97-88E9-F32D138F496A}"
EndProject
Project("{2150E333-8FDC-42A3-9474-1A3956D46DE8}") = "Domain", "Domain", "{C803CA19-2BCD-4E27-9829-788F174FE865}"
EndProject
Project("{2150E333-8FDC-42A3-9474-1A3956D46DE8}") = "Infra.Bus", "Infra.Bus", "{18DDFC52-AE70-4B1E-9CCB-5FEC1ED8FBAE}"
EndProject
Project("{2150E333-8FDC-42A3-9474-1A3956D46DE8}") = "Infra.IoC", "Infra.IoC", "{1B5D9723-F324-4725-A8FE-E9CAE5C82961}"
EndProject
Project("{2150E333-8FDC-42A3-9474-1A3956D46DE8}") = "Presentation", "Presentation", "{171967FE-BEEF-42CC-8043-5FE44EEDAF52}"
EndProject
Project("{9A19103F-16F7-4668-BE54-9A1E7A4F7556}") = "MicroRabbit.Domain.Core", "MicroRabbit.Domain.Core\MicroRabbit.Domain.Core.csproj", "{D84357F3-E03E-4B0D-A205-5AD258521495}"
EndProject
Project("{9A19103F-16F7-4668-BE54-9A1E7A4F7556}") = "MicroRabbit.Infra.Bus", "MicroRabbit.Infra.Bus\MicroRabbit.Infra.Bus.csproj", "{3C14D1A4-1E25-4425-8027-8FF73EC6D410}"
EndProject
Project("{FAE04EC0-301F-11D3-BF4B-00C04F79EFBC}") = "MicroRabbit.Infra.IoC", "MicroRabbit.Infra.IoC\MicroRabbit.Infra.IoC.csproj", "{AA21C3DC-87EA-4996-867A-E871A9640236}"
EndProject
Project("{2150E333-8FDC-42A3-9474-1A3956D46DE8}") = "Banking", "Banking", "{72A2C6E6-867C-4713-90E8-05746313B858}"
EndProject
Project("{2150E333-8FDC-42A3-9474-1A3956D46DE8}") = "Api", "Api", "{B7EB8039-C852-49D7-9209-42F37EEC7B1D}"
EndProject
Project("{2150E333-8FDC-42A3-9474-1A3956D46DE8}") = "Domain", "Domain", "{942CA588-2FEC-4142-859C-FED633F7122F}"
EndProject
Project("{2150E333-8FDC-42A3-9474-1A3956D46DE8}") = "Application", "Application", "{25E40CC5-1A1E-4232-88F7-3DEACF6F7456}"
EndProject
Project("{2150E333-8FDC-42A3-9474-1A3956D46DE8}") = "Data", "Data", "{FA06E6C6-B948-4D6C-8044-217873787F3A}"
EndProject
Project("{FAE04EC0-301F-11D3-BF4B-00C04F79EFBC}") = "MicroRabbit.Banking.Api", "MicroRabbit.Banking.Api\MicroRabbit.Banking.Api.csproj", "{B83C0B18-E823-4C54-B6BD-F0D7A698D506}"
EndProject
Project("{FAE04EC0-301F-11D3-BF4B-00C04F79EFBC}") = "MicroRabbit.Banking.Application", "MicroRabbit.Banking.Application\MicroRabbit.Banking.Application.csproj", "{4CA76FCB-9E65-4663-A6A0-57D9B3C2B187}"
EndProject
Project("{FAE04EC0-301F-11D3-BF4B-00C04F79EFBC}") = "MicroRabbit.Banking.Data", "MicroRabbit.Banking.Data\MicroRabbit.Banking.Data.csproj", "{2ED03890-1577-41D5-B3AD-0BAF287BC1F5}"
EndProject
Project("{FAE04EC0-301F-11D3-BF4B-00C04F79EFBC}") = "MicroRabbit.Banking.Domain", "MicroRabbit.Banking.Domain\MicroRabbit.Banking.Domain.csproj", "{59249CE1-05BB-4E74-B3B1-5D6F02B17F58}"
EndProject
Global
	GlobalSection(SolutionConfigurationPlatforms) = preSolution
		Debug|Any CPU = Debug|Any CPU
		Release|Any CPU = Release|Any CPU
	EndGlobalSection
	GlobalSection(ProjectConfigurationPlatforms) = postSolution
		{D84357F3-E03E-4B0D-A205-5AD258521495}.Debug|Any CPU.ActiveCfg = Debug|Any CPU
		{D84357F3-E03E-4B0D-A205-5AD258521495}.Debug|Any CPU.Build.0 = Debug|Any CPU
		{D84357F3-E03E-4B0D-A205-5AD258521495}.Release|Any CPU.ActiveCfg = Release|Any CPU
		{D84357F3-E03E-4B0D-A205-5AD258521495}.Release|Any CPU.Build.0 = Release|Any CPU
		{3C14D1A4-1E25-4425-8027-8FF73EC6D410}.Debug|Any CPU.ActiveCfg = Debug|Any CPU
		{3C14D1A4-1E25-4425-8027-8FF73EC6D410}.Debug|Any CPU.Build.0 = Debug|Any CPU
		{3C14D1A4-1E25-4425-8027-8FF73EC6D410}.Release|Any CPU.ActiveCfg = Release|Any CPU
		{3C14D1A4-1E25-4425-8027-8FF73EC6D410}.Release|Any CPU.Build.0 = Release|Any CPU
		{AA21C3DC-87EA-4996-867A-E871A9640236}.Debug|Any CPU.ActiveCfg = Debug|Any CPU
		{AA21C3DC-87EA-4996-867A-E871A9640236}.Debug|Any CPU.Build.0 = Debug|Any CPU
		{AA21C3DC-87EA-4996-867A-E871A9640236}.Release|Any CPU.ActiveCfg = Release|Any CPU
		{AA21C3DC-87EA-4996-867A-E871A9640236}.Release|Any CPU.Build.0 = Release|Any CPU
		{B83C0B18-E823-4C54-B6BD-F0D7A698D506}.Debug|Any CPU.ActiveCfg = Debug|Any CPU
		{B83C0B18-E823-4C54-B6BD-F0D7A698D506}.Debug|Any CPU.Build.0 = Debug|Any CPU
		{B83C0B18-E823-4C54-B6BD-F0D7A698D506}.Release|Any CPU.ActiveCfg = Release|Any CPU
		{B83C0B18-E823-4C54-B6BD-F0D7A698D506}.Release|Any CPU.Build.0 = Release|Any CPU
		{4CA76FCB-9E65-4663-A6A0-57D9B3C2B187}.Debug|Any CPU.ActiveCfg = Debug|Any CPU
		{4CA76FCB-9E65-4663-A6A0-57D9B3C2B187}.Debug|Any CPU.Build.0 = Debug|Any CPU
		{4CA76FCB-9E65-4663-A6A0-57D9B3C2B187}.Release|Any CPU.ActiveCfg = Release|Any CPU
		{4CA76FCB-9E65-4663-A6A0-57D9B3C2B187}.Release|Any CPU.Build.0 = Release|Any CPU
		{2ED03890-1577-41D5-B3AD-0BAF287BC1F5}.Debug|Any CPU.ActiveCfg = Debug|Any CPU
		{2ED03890-1577-41D5-B3AD-0BAF287BC1F5}.Debug|Any CPU.Build.0 = Debug|Any CPU
		{2ED03890-1577-41D5-B3AD-0BAF287BC1F5}.Release|Any CPU.ActiveCfg = Release|Any CPU
		{2ED03890-1577-41D5-B3AD-0BAF287BC1F5}.Release|Any CPU.Build.0 = Release|Any CPU
		{59249CE1-05BB-4E74-B3B1-5D6F02B17F58}.Debug|Any CPU.ActiveCfg = Debug|Any CPU
		{59249CE1-05BB-4E74-B3B1-5D6F02B17F58}.Debug|Any CPU.Build.0 = Debug|Any CPU
		{59249CE1-05BB-4E74-B3B1-5D6F02B17F58}.Release|Any CPU.ActiveCfg = Release|Any CPU
		{59249CE1-05BB-4E74-B3B1-5D6F02B17F58}.Release|Any CPU.Build.0 = Release|Any CPU
	EndGlobalSection
	GlobalSection(SolutionProperties) = preSolution
		HideSolutionNode = FALSE
	EndGlobalSection
	GlobalSection(NestedProjects) = preSolution
		{D84357F3-E03E-4B0D-A205-5AD258521495} = {C803CA19-2BCD-4E27-9829-788F174FE865}
		{3C14D1A4-1E25-4425-8027-8FF73EC6D410} = {18DDFC52-AE70-4B1E-9CCB-5FEC1ED8FBAE}
		{AA21C3DC-87EA-4996-867A-E871A9640236} = {1B5D9723-F324-4725-A8FE-E9CAE5C82961}
		{72A2C6E6-867C-4713-90E8-05746313B858} = {FCA00612-2562-4F97-88E9-F32D138F496A}
		{B7EB8039-C852-49D7-9209-42F37EEC7B1D} = {72A2C6E6-867C-4713-90E8-05746313B858}
		{942CA588-2FEC-4142-859C-FED633F7122F} = {72A2C6E6-867C-4713-90E8-05746313B858}
		{25E40CC5-1A1E-4232-88F7-3DEACF6F7456} = {72A2C6E6-867C-4713-90E8-05746313B858}
		{FA06E6C6-B948-4D6C-8044-217873787F3A} = {72A2C6E6-867C-4713-90E8-05746313B858}
		{B83C0B18-E823-4C54-B6BD-F0D7A698D506} = {B7EB8039-C852-49D7-9209-42F37EEC7B1D}
		{4CA76FCB-9E65-4663-A6A0-57D9B3C2B187} = {25E40CC5-1A1E-4232-88F7-3DEACF6F7456}
		{2ED03890-1577-41D5-B3AD-0BAF287BC1F5} = {FA06E6C6-B948-4D6C-8044-217873787F3A}
		{59249CE1-05BB-4E74-B3B1-5D6F02B17F58} = {942CA588-2FEC-4142-859C-FED633F7122F}
	EndGlobalSection
	GlobalSection(ExtensibilityGlobals) = postSolution
		SolutionGuid = {24AFF201-D98C-45C1-83B8-BFAACFD8927A}
	EndGlobalSection
EndGlobal
